// !$*UTF8*$!
{
	archiveVersion = 1;
	classes = {
	};
	objectVersion = 46;
	objects = {

/* Begin PBXBuildFile section */
		CF2C4FEE1AE0697A00039CA8 /* AppDelegate.swift in Sources */ = {isa = PBXBuildFile; fileRef = CF2C4FED1AE0697A00039CA8 /* AppDelegate.swift */; };
		CF2C4FF01AE0697A00039CA8 /* ViewController.swift in Sources */ = {isa = PBXBuildFile; fileRef = CF2C4FEF1AE0697A00039CA8 /* ViewController.swift */; };
		CF2C4FF31AE0697A00039CA8 /* Main.storyboard in Resources */ = {isa = PBXBuildFile; fileRef = CF2C4FF11AE0697A00039CA8 /* Main.storyboard */; };
		CF2C4FF51AE0697A00039CA8 /* Images.xcassets in Resources */ = {isa = PBXBuildFile; fileRef = CF2C4FF41AE0697A00039CA8 /* Images.xcassets */; };
		CF2C4FF81AE0697A00039CA8 /* LaunchScreen.xib in Resources */ = {isa = PBXBuildFile; fileRef = CF2C4FF61AE0697A00039CA8 /* LaunchScreen.xib */; };
		CF2C50041AE0697A00039CA8 /* BadmintonQTests.swift in Sources */ = {isa = PBXBuildFile; fileRef = CF2C50031AE0697A00039CA8 /* BadmintonQTests.swift */; };
/* End PBXBuildFile section */

/* Begin PBXContainerItemProxy section */
		CF2C4FFE1AE0697A00039CA8 /* PBXContainerItemProxy */ = {
			isa = PBXContainerItemProxy;
			containerPortal = CF2C4FE01AE0697A00039CA8 /* Project object */;
			proxyType = 1;
			remoteGlobalIDString = CF2C4FE71AE0697A00039CA8;
			remoteInfo = BadmintonQ;
		};
/* End PBXContainerItemProxy section */

/* Begin PBXFileReference section */
		CF2C4FE81AE0697A00039CA8 /* BadmintonQ.app */ = {isa = PBXFileReference; explicitFileType = wrapper.application; includeInIndex = 0; path = BadmintonQ.app; sourceTree = BUILT_PRODUCTS_DIR; };
		CF2C4FEC1AE0697A00039CA8 /* Info.plist */ = {isa = PBXFileReference; lastKnownFileType = text.plist.xml; path = Info.plist; sourceTree = "<group>"; };
		CF2C4FED1AE0697A00039CA8 /* AppDelegate.swift */ = {isa = PBXFileReference; lastKnownFileType = sourcecode.swift; path = AppDelegate.swift; sourceTree = "<group>"; };
		CF2C4FEF1AE0697A00039CA8 /* ViewController.swift */ = {isa = PBXFileReference; lastKnownFileType = sourcecode.swift; path = ViewController.swift; sourceTree = "<group>"; };
		CF2C4FF21AE0697A00039CA8 /* Base */ = {isa = PBXFileReference; lastKnownFileType = file.storyboard; name = Base; path = Base.lproj/Main.storyboard; sourceTree = "<group>"; };
		CF2C4FF41AE0697A00039CA8 /* Images.xcassets */ = {isa = PBXFileReference; lastKnownFileType = folder.assetcatalog; path = Images.xcassets; sourceTree = "<group>"; };
		CF2C4FF71AE0697A00039CA8 /* Base */ = {isa = PBXFileReference; lastKnownFileType = file.xib; name = Base; path = Base.lproj/LaunchScreen.xib; sourceTree = "<group>"; };
		CF2C4FFD1AE0697A00039CA8 /* BadmintonQTests.xctest */ = {isa = PBXFileReference; explicitFileType = wrapper.cfbundle; includeInIndex = 0; path = BadmintonQTests.xctest; sourceTree = BUILT_PRODUCTS_DIR; };
		CF2C50021AE0697A00039CA8 /* Info.plist */ = {isa = PBXFileReference; lastKnownFileType = text.plist.xml; path = Info.plist; sourceTree = "<group>"; };
		CF2C50031AE0697A00039CA8 /* BadmintonQTests.swift */ = {isa = PBXFileReference; lastKnownFileType = sourcecode.swift; path = BadmintonQTests.swift; sourceTree = "<group>"; };
/* End PBXFileReference section */

/* Begin PBXFrameworksBuildPhase section */
		CF2C4FE51AE0697A00039CA8 /* Frameworks */ = {
			isa = PBXFrameworksBuildPhase;
			buildActionMask = 2147483647;
			files = (
			);
			runOnlyForDeploymentPostprocessing = 0;
		};
		CF2C4FFA1AE0697A00039CA8 /* Frameworks */ = {
			isa = PBXFrameworksBuildPhase;
			buildActionMask = 2147483647;
			files = (
			);
			runOnlyForDeploymentPostprocessing = 0;
		};
/* End PBXFrameworksBuildPhase section */

/* Begin PBXGroup section */
		CF2C4FDF1AE0697A00039CA8 = {
			isa = PBXGroup;
			children = (
				CF2C4FEA1AE0697A00039CA8 /* BadmintonQ */,
				CF2C50001AE0697A00039CA8 /* BadmintonQTests */,
				CF2C4FE91AE0697A00039CA8 /* Products */,
			);
			sourceTree = "<group>";
		};
		CF2C4FE91AE0697A00039CA8 /* Products */ = {
			isa = PBXGroup;
			children = (
				CF2C4FE81AE0697A00039CA8 /* BadmintonQ.app */,
				CF2C4FFD1AE0697A00039CA8 /* BadmintonQTests.xctest */,
			);
			name = Products;
			sourceTree = "<group>";
		};
		CF2C4FEA1AE0697A00039CA8 /* BadmintonQ */ = {
			isa = PBXGroup;
			children = (
				CF2C4FED1AE0697A00039CA8 /* AppDelegate.swift */,
				CF2C4FEF1AE0697A00039CA8 /* ViewController.swift */,
				CF2C4FF11AE0697A00039CA8 /* Main.storyboard */,
				CF2C4FF41AE0697A00039CA8 /* Images.xcassets */,
				CF2C4FF61AE0697A00039CA8 /* LaunchScreen.xib */,
				CF2C4FEB1AE0697A00039CA8 /* Supporting Files */,
			);
			path = BadmintonQ;
			sourceTree = "<group>";
		};
		CF2C4FEB1AE0697A00039CA8 /* Supporting Files */ = {
			isa = PBXGroup;
			children = (
				CF2C4FEC1AE0697A00039CA8 /* Info.plist */,
			);
			name = "Supporting Files";
			sourceTree = "<group>";
		};
		CF2C50001AE0697A00039CA8 /* BadmintonQTests */ = {
			isa = PBXGroup;
			children = (
				CF2C50031AE0697A00039CA8 /* BadmintonQTests.swift */,
				CF2C50011AE0697A00039CA8 /* Supporting Files */,
			);
			path = BadmintonQTests;
			sourceTree = "<group>";
		};
		CF2C50011AE0697A00039CA8 /* Supporting Files */ = {
			isa = PBXGroup;
			children = (
				CF2C50021AE0697A00039CA8 /* Info.plist */,
			);
			name = "Supporting Files";
			sourceTree = "<group>";
		};
/* End PBXGroup section */

/* Begin PBXNativeTarget section */
		CF2C4FE71AE0697A00039CA8 /* BadmintonQ */ = {
			isa = PBXNativeTarget;
			buildConfigurationList = CF2C50071AE0697A00039CA8 /* Build configuration list for PBXNativeTarget "BadmintonQ" */;
			buildPhases = (
				CF2C4FE41AE0697A00039CA8 /* Sources */,
				CF2C4FE51AE0697A00039CA8 /* Frameworks */,
				CF2C4FE61AE0697A00039CA8 /* Resources */,
			);
			buildRules = (
			);
			dependencies = (
			);
			name = BadmintonQ;
			productName = BadmintonQ;
			productReference = CF2C4FE81AE0697A00039CA8 /* BadmintonQ.app */;
			productType = "com.apple.product-type.application";
		};
		CF2C4FFC1AE0697A00039CA8 /* BadmintonQTests */ = {
			isa = PBXNativeTarget;
			buildConfigurationList = CF2C500A1AE0697A00039CA8 /* Build configuration list for PBXNativeTarget "BadmintonQTests" */;
			buildPhases = (
				CF2C4FF91AE0697A00039CA8 /* Sources */,
				CF2C4FFA1AE0697A00039CA8 /* Frameworks */,
				CF2C4FFB1AE0697A00039CA8 /* Resources */,
			);
			buildRules = (
			);
			dependencies = (
				CF2C4FFF1AE0697A00039CA8 /* PBXTargetDependency */,
			);
			name = BadmintonQTests;
			productName = BadmintonQTests;
			productReference = CF2C4FFD1AE0697A00039CA8 /* BadmintonQTests.xctest */;
			productType = "com.apple.product-type.bundle.unit-test";
		};
/* End PBXNativeTarget section */

/* Begin PBXProject section */
		CF2C4FE01AE0697A00039CA8 /* Project object */ = {
			isa = PBXProject;
			attributes = {
				LastUpgradeCheck = 0630;
				ORGANIZATIONNAME = Deena;
				TargetAttributes = {
					CF2C4FE71AE0697A00039CA8 = {
						CreatedOnToolsVersion = 6.3;
					};
					CF2C4FFC1AE0697A00039CA8 = {
						CreatedOnToolsVersion = 6.3;
						TestTargetID = CF2C4FE71AE0697A00039CA8;
					};
				};
			};
			buildConfigurationList = CF2C4FE31AE0697A00039CA8 /* Build configuration list for PBXProject "BadmintonQ" */;
			compatibilityVersion = "Xcode 3.2";
			developmentRegion = English;
			hasScannedForEncodings = 0;
			knownRegions = (
				en,
				Base,
			);
			mainGroup = CF2C4FDF1AE0697A00039CA8;
			productRefGroup = CF2C4FE91AE0697A00039CA8 /* Products */;
			projectDirPath = "";
			projectRoot = "";
			targets = (
				CF2C4FE71AE0697A00039CA8 /* BadmintonQ */,
				CF2C4FFC1AE0697A00039CA8 /* BadmintonQTests */,
			);
		};
/* End PBXProject section */

/* Begin PBXResourcesBuildPhase section */
		CF2C4FE61AE0697A00039CA8 /* Resources */ = {
			isa = PBXResourcesBuildPhase;
			buildActionMask = 2147483647;
			files = (
				CF2C4FF31AE0697A00039CA8 /* Main.storyboard in Resources */,
				CF2C4FF81AE0697A00039CA8 /* LaunchScreen.xib in Resources */,
				CF2C4FF51AE0697A00039CA8 /* Images.xcassets in Resources */,
			);
			runOnlyForDeploymentPostprocessing = 0;
		};
		CF2C4FFB1AE0697A00039CA8 /* Resources */ = {
			isa = PBXResourcesBuildPhase;
			buildActionMask = 2147483647;
			files = (
			);
			runOnlyForDeploymentPostprocessing = 0;
		};
/* End PBXResourcesBuildPhase section */

/* Begin PBXSourcesBuildPhase section */
		CF2C4FE41AE0697A00039CA8 /* Sources */ = {
			isa = PBXSourcesBuildPhase;
			buildActionMask = 2147483647;
			files = (
				CF2C4FF01AE0697A00039CA8 /* ViewController.swift in Sources */,
				CF2C4FEE1AE0697A00039CA8 /* AppDelegate.swift in Sources */,
			);
			runOnlyForDeploymentPostprocessing = 0;
		};
		CF2C4FF91AE0697A00039CA8 /* Sources */ = {
			isa = PBXSourcesBuildPhase;
			buildActionMask = 2147483647;
			files = (
				CF2C50041AE0697A00039CA8 /* BadmintonQTests.swift in Sources */,
			);
			runOnlyForDeploymentPostprocessing = 0;
		};
/* End PBXSourcesBuildPhase section */

/* Begin PBXTargetDependency section */
		CF2C4FFF1AE0697A00039CA8 /* PBXTargetDependency */ = {
			isa = PBXTargetDependency;
			target = CF2C4FE71AE0697A00039CA8 /* BadmintonQ */;
			targetProxy = CF2C4FFE1AE0697A00039CA8 /* PBXContainerItemProxy */;
		};
/* End PBXTargetDependency section */

/* Begin PBXVariantGroup section */
		CF2C4FF11AE0697A00039CA8 /* Main.storyboard */ = {
			isa = PBXVariantGroup;
			children = (
				CF2C4FF21AE0697A00039CA8 /* Base */,
			);
			name = Main.storyboard;
			sourceTree = "<group>";
		};
		CF2C4FF61AE0697A00039CA8 /* LaunchScreen.xib */ = {
			isa = PBXVariantGroup;
			children = (
				CF2C4FF71AE0697A00039CA8 /* Base */,
			);
			name = LaunchScreen.xib;
			sourceTree = "<group>";
		};
/* End PBXVariantGroup section */

/* Begin XCBuildConfiguration section */
		CF2C50051AE0697A00039CA8 /* Debug */ = {
			isa = XCBuildConfiguration;
			buildSettings = {
				ALWAYS_SEARCH_USER_PATHS = NO;
				CLANG_CXX_LANGUAGE_STANDARD = "gnu++0x";
				CLANG_CXX_LIBRARY = "libc++";
				CLANG_ENABLE_MODULES = YES;
				CLANG_ENABLE_OBJC_ARC = YES;
				CLANG_WARN_BOOL_CONVERSION = YES;
				CLANG_WARN_CONSTANT_CONVERSION = YES;
				CLANG_WARN_DIRECT_OBJC_ISA_USAGE = YES_ERROR;
				CLANG_WARN_EMPTY_BODY = YES;
				CLANG_WARN_ENUM_CONVERSION = YES;
				CLANG_WARN_INT_CONVERSION = YES;
				CLANG_WARN_OBJC_ROOT_CLASS = YES_ERROR;
				CLANG_WARN_UNREACHABLE_CODE = YES;
				CLANG_WARN__DUPLICATE_METHOD_MATCH = YES;
				"CODE_SIGN_IDENTITY[sdk=iphoneos*]" = "iPhone Developer";
				COPY_PHASE_STRIP = NO;
				DEBUG_INFORMATION_FORMAT = "dwarf-with-dsym";
				ENABLE_STRICT_OBJC_MSGSEND = YES;
				GCC_C_LANGUAGE_STANDARD = gnu99;
				GCC_DYNAMIC_NO_PIC = NO;
				GCC_NO_COMMON_BLOCKS = YES;
				GCC_OPTIMIZATION_LEVEL = 0;
				GCC_PREPROCESSOR_DEFINITIONS = (
					"DEBUG=1",
					"$(inherited)",
				);
				GCC_SYMBOLS_PRIVATE_EXTERN = NO;
				GCC_WARN_64_TO_32_BIT_CONVERSION = YES;
				GCC_WARN_ABOUT_RETURN_TYPE = YES_ERROR;
				GCC_WARN_UNDECLARED_SELECTOR = YES;
				GCC_WARN_UNINITIALIZED_AUTOS = YES_AGGRESSIVE;
				GCC_WARN_UNUSED_FUNCTION = YES;
				GCC_WARN_UNUSED_VARIABLE = YES;
				IPHONEOS_DEPLOYMENT_TARGET = 8.3;
				MTL_ENABLE_DEBUG_INFO = YES;
				ONLY_ACTIVE_ARCH = YES;
				SDKROOT = iphoneos;
				SWIFT_OPTIMIZATION_LEVEL = "-Onone";
			};
			name = Debug;
		};
		CF2C50061AE0697A00039CA8 /* Release */ = {
			isa = XCBuildConfiguration;
			buildSettings = {
				ALWAYS_SEARCH_USER_PATHS = NO;
				CLANG_CXX_LANGUAGE_STANDARD = "gnu++0x";
				CLANG_CXX_LIBRARY = "libc++";
				CLANG_ENABLE_MODULES = YES;
				CLANG_ENABLE_OBJC_ARC = YES;
				CLANG_WARN_BOOL_CONVERSION = YES;
				CLANG_WARN_CONSTANT_CONVERSION = YES;
				CLANG_WARN_DIRECT_OBJC_ISA_USAGE = YES_ERROR;
				CLANG_WARN_EMPTY_BODY = YES;
				CLANG_WARN_ENUM_CONVERSION = YES;
				CLANG_WARN_INT_CONVERSION = YES;
				CLANG_WARN_OBJC_ROOT_CLASS = YES_ERROR;
				CLANG_WARN_UNREACHABLE_CODE = YES;
				CLANG_WARN__DUPLICATE_METHOD_MATCH = YES;
				"CODE_SIGN_IDENTITY[sdk=iphoneos*]" = "iPhone Developer";
				COPY_PHASE_STRIP = NO;
				DEBUG_INFORMATION_FORMAT = "dwarf-with-dsym";
				ENABLE_NS_ASSERTIONS = NO;
				ENABLE_STRICT_OBJC_MSGSEND = YES;
				GCC_C_LANGUAGE_STANDARD = gnu99;
				GCC_NO_COMMON_BLOCKS = YES;
				GCC_WARN_64_TO_32_BIT_CONVERSION = YES;
				GCC_WARN_ABOUT_RETURN_TYPE = YES_ERROR;
				GCC_WARN_UNDECLARED_SELECTOR = YES;
				GCC_WARN_UNINITIALIZED_AUTOS = YES_AGGRESSIVE;
				GCC_WARN_UNUSED_FUNCTION = YES;
				GCC_WARN_UNUSED_VARIABLE = YES;
				IPHONEOS_DEPLOYMENT_TARGET = 8.3;
				MTL_ENABLE_DEBUG_INFO = NO;
				SDKROOT = iphoneos;
				VALIDATE_PRODUCT = YES;
			};
			name = Release;
		};
		CF2C50081AE0697A00039CA8 /* Debug */ = {
			isa = XCBuildConfiguration;
			buildSettings = {
				ASSETCATALOG_COMPILER_APPICON_NAME = AppIcon;
				INFOPLIST_FILE = BadmintonQ/Info.plist;
				LD_RUNPATH_SEARCH_PATHS = "$(inherited) @executable_path/Frameworks";
				PRODUCT_NAME = "$(TARGET_NAME)";
			};
			name = Debug;
		};
		CF2C50091AE0697A00039CA8 /* Release */ = {
			isa = XCBuildConfiguration;
			buildSettings = {
				ASSETCATALOG_COMPILER_APPICON_NAME = AppIcon;
				INFOPLIST_FILE = BadmintonQ/Info.plist;
				LD_RUNPATH_SEARCH_PATHS = "$(inherited) @executable_path/Frameworks";
				PRODUCT_NAME = "$(TARGET_NAME)";
			};
			name = Release;
		};
		CF2C500B1AE0697A00039CA8 /* Debug */ = {
			isa = XCBuildConfiguration;
			buildSettings = {
				BUNDLE_LOADER = "$(TEST_HOST)";
				FRAMEWORK_SEARCH_PATHS = (
					"$(SDKROOT)/Developer/Library/Frameworks",
					"$(inherited)",
				);
				GCC_PREPROCESSOR_DEFINITIONS = (
					"DEBUG=1",
					"$(inherited)",
				);
				INFOPLIST_FILE = BadmintonQTests/Info.plist;
				LD_RUNPATH_SEARCH_PATHS = "$(inherited) @executable_path/Frameworks @loader_path/Frameworks";
				PRODUCT_NAME = "$(TARGET_NAME)";
				TEST_HOST = "$(BUILT_PRODUCTS_DIR)/BadmintonQ.app/BadmintonQ";
			};
			name = Debug;
		};
		CF2C500C1AE0697A00039CA8 /* Release */ = {
			isa = XCBuildConfiguration;
			buildSettings = {
				BUNDLE_LOADER = "$(TEST_HOST)";
				FRAMEWORK_SEARCH_PATHS = (
					"$(SDKROOT)/Developer/Library/Frameworks",
					"$(inherited)",
				);
				INFOPLIST_FILE = BadmintonQTests/Info.plist;
				LD_RUNPATH_SEARCH_PATHS = "$(inherited) @executable_path/Frameworks @loader_path/Frameworks";
				PRODUCT_NAME = "$(TARGET_NAME)";
				TEST_HOST = "$(BUILT_PRODUCTS_DIR)/BadmintonQ.app/BadmintonQ";
			};
			name = Release;
		};
/* End XCBuildConfiguration section */

/* Begin XCConfigurationList section */
		CF2C4FE31AE0697A00039CA8 /* Build configuration list for PBXProject "BadmintonQ" */ = {
			isa = XCConfigurationList;
			buildConfigurations = (
				CF2C50051AE0697A00039CA8 /* Debug */,
				CF2C50061AE0697A00039CA8 /* Release */,
			);
			defaultConfigurationIsVisible = 0;
			defaultConfigurationName = Release;
		};
		CF2C50071AE0697A00039CA8 /* Build configuration list for PBXNativeTarget "BadmintonQ" */ = {
			isa = XCConfigurationList;
			buildConfigurations = (
				CF2C50081AE0697A00039CA8 /* Debug */,
				CF2C50091AE0697A00039CA8 /* Release */,
			);
			defaultConfigurationIsVisible = 0;
		};
		CF2C500A1AE0697A00039CA8 /* Build configuration list for PBXNativeTarget "BadmintonQTests" */ = {
			isa = XCConfigurationList;
			buildConfigurations = (
				CF2C500B1AE0697A00039CA8 /* Debug */,
				CF2C500C1AE0697A00039CA8 /* Release */,
			);
			defaultConfigurationIsVisible = 0;
		};
/* End XCConfigurationList section */
	};
	rootObject = CF2C4FE01AE0697A00039CA8 /* Project object */;
}
